
Microsoft Visual Studio Solution File, Format Version 12.00
# Visual Studio Version 16
VisualStudioVersion = 25.0.1704.3
MinimumVisualStudioVersion = 10.0.40219.1
Project("{FAE04EC0-301F-11D3-BF4B-00C04F79EFBC}") = "Project", "Project\Project.csproj", "{822CB0B3-5A34-45EB-9258-197B1D81BB4B}"
EndProject
Project("{FAE04EC0-301F-11D3-BF4B-00C04F79EFBC}") = "Math", "Math\Math.csproj", "{67B63752-44BD-4D2A-8658-BBD5A1EA9304}"
EndProject
Project("{FAE04EC0-301F-11D3-BF4B-00C04F79EFBC}") = "ConditionalStatements", "ConditionalStatements\ConditionalStatements.csproj", "{2B56420D-249C-4EED-B057-65A97A9E2B9C}"
EndProject
Project("{FAE04EC0-301F-11D3-BF4B-00C04F79EFBC}") = "RepetionStatements", "RepetionStatements\RepetionStatements.csproj", "{5FE094D7-5035-4D28-BE9E-CD98BBD593F6}"
EndProject
Project("{FAE04EC0-301F-11D3-BF4B-00C04F79EFBC}") = "Methods", "Methods\Methods.csproj", "{B63C72A5-E0F7-4E96-BF34-05E8639C2BD2}"
EndProject
Project("{FAE04EC0-301F-11D3-BF4B-00C04F79EFBC}") = "ManipulateString", "ManipulateString\ManipulateString.csproj", "{C0280903-206E-4FB8-8C17-EF2BFBA3D8C1}"
EndProject
Project("{FAE04EC0-301F-11D3-BF4B-00C04F79EFBC}") = "VariablesAndDatatypes", "VariablesAndDatatypes\VariablesAndDatatypes.csproj", "{2E7E9969-5D4F-4081-9074-459D3979A896}"
EndProject
Project("{FAE04EC0-301F-11D3-BF4B-00C04F79EFBC}") = "Arrays", "Arrays\Arrays.csproj", "{FDED469A-B081-43B7-ACEC-F243DE1B0B36}"
EndProject
Project("{FAE04EC0-301F-11D3-BF4B-00C04F79EFBC}") = "ListCollections", "ListCollections\ListCollections.csproj", "{DB2BF3CA-B68A-4B3B-A521-170EEA4EBBFD}"
EndProject
Project("{FAE04EC0-301F-11D3-BF4B-00C04F79EFBC}") = "ClassesAndObjects", "OOP\ClassesAndObjects.csproj", "{B2F530A0-B6DC-4204-9BFA-427600C68688}"
EndProject
Project("{FAE04EC0-301F-11D3-BF4B-00C04F79EFBC}") = "Inheritance", "Inheritance\Inheritance.csproj", "{6FCACB02-32EB-4E05-818C-2134666B1684}"
EndProject
Global
	GlobalSection(SolutionConfigurationPlatforms) = preSolution
		Debug|Any CPU = Debug|Any CPU
		Release|Any CPU = Release|Any CPU
	EndGlobalSection
	GlobalSection(ProjectConfigurationPlatforms) = postSolution
		{822CB0B3-5A34-45EB-9258-197B1D81BB4B}.Debug|Any CPU.ActiveCfg = Debug|Any CPU
		{822CB0B3-5A34-45EB-9258-197B1D81BB4B}.Debug|Any CPU.Build.0 = Debug|Any CPU
		{822CB0B3-5A34-45EB-9258-197B1D81BB4B}.Release|Any CPU.ActiveCfg = Release|Any CPU
		{822CB0B3-5A34-45EB-9258-197B1D81BB4B}.Release|Any CPU.Build.0 = Release|Any CPU
		{67B63752-44BD-4D2A-8658-BBD5A1EA9304}.Debug|Any CPU.ActiveCfg = Debug|Any CPU
		{67B63752-44BD-4D2A-8658-BBD5A1EA9304}.Debug|Any CPU.Build.0 = Debug|Any CPU
		{67B63752-44BD-4D2A-8658-BBD5A1EA9304}.Release|Any CPU.ActiveCfg = Release|Any CPU
		{67B63752-44BD-4D2A-8658-BBD5A1EA9304}.Release|Any CPU.Build.0 = Release|Any CPU
		{2B56420D-249C-4EED-B057-65A97A9E2B9C}.Debug|Any CPU.ActiveCfg = Debug|Any CPU
		{2B56420D-249C-4EED-B057-65A97A9E2B9C}.Debug|Any CPU.Build.0 = Debug|Any CPU
		{2B56420D-249C-4EED-B057-65A97A9E2B9C}.Release|Any CPU.ActiveCfg = Release|Any CPU
		{2B56420D-249C-4EED-B057-65A97A9E2B9C}.Release|Any CPU.Build.0 = Release|Any CPU
		{5FE094D7-5035-4D28-BE9E-CD98BBD593F6}.Debug|Any CPU.ActiveCfg = Debug|Any CPU
		{5FE094D7-5035-4D28-BE9E-CD98BBD593F6}.Debug|Any CPU.Build.0 = Debug|Any CPU
		{5FE094D7-5035-4D28-BE9E-CD98BBD593F6}.Release|Any CPU.ActiveCfg = Release|Any CPU
		{5FE094D7-5035-4D28-BE9E-CD98BBD593F6}.Release|Any CPU.Build.0 = Release|Any CPU
		{B63C72A5-E0F7-4E96-BF34-05E8639C2BD2}.Debug|Any CPU.ActiveCfg = Debug|Any CPU
		{B63C72A5-E0F7-4E96-BF34-05E8639C2BD2}.Debug|Any CPU.Build.0 = Debug|Any CPU
		{B63C72A5-E0F7-4E96-BF34-05E8639C2BD2}.Release|Any CPU.ActiveCfg = Release|Any CPU
		{B63C72A5-E0F7-4E96-BF34-05E8639C2BD2}.Release|Any CPU.Build.0 = Release|Any CPU
		{C0280903-206E-4FB8-8C17-EF2BFBA3D8C1}.Debug|Any CPU.ActiveCfg = Debug|Any CPU
		{C0280903-206E-4FB8-8C17-EF2BFBA3D8C1}.Debug|Any CPU.Build.0 = Debug|Any CPU
		{C0280903-206E-4FB8-8C17-EF2BFBA3D8C1}.Release|Any CPU.ActiveCfg = Release|Any CPU
		{C0280903-206E-4FB8-8C17-EF2BFBA3D8C1}.Release|Any CPU.Build.0 = Release|Any CPU
		{2E7E9969-5D4F-4081-9074-459D3979A896}.Debug|Any CPU.ActiveCfg = Debug|Any CPU
		{2E7E9969-5D4F-4081-9074-459D3979A896}.Debug|Any CPU.Build.0 = Debug|Any CPU
		{2E7E9969-5D4F-4081-9074-459D3979A896}.Release|Any CPU.ActiveCfg = Release|Any CPU
		{2E7E9969-5D4F-4081-9074-459D3979A896}.Release|Any CPU.Build.0 = Release|Any CPU
		{FDED469A-B081-43B7-ACEC-F243DE1B0B36}.Debug|Any CPU.ActiveCfg = Debug|Any CPU
		{FDED469A-B081-43B7-ACEC-F243DE1B0B36}.Debug|Any CPU.Build.0 = Debug|Any CPU
		{FDED469A-B081-43B7-ACEC-F243DE1B0B36}.Release|Any CPU.ActiveCfg = Release|Any CPU
		{FDED469A-B081-43B7-ACEC-F243DE1B0B36}.Release|Any CPU.Build.0 = Release|Any CPU
		{DB2BF3CA-B68A-4B3B-A521-170EEA4EBBFD}.Debug|Any CPU.ActiveCfg = Debug|Any CPU
		{DB2BF3CA-B68A-4B3B-A521-170EEA4EBBFD}.Debug|Any CPU.Build.0 = Debug|Any CPU
		{DB2BF3CA-B68A-4B3B-A521-170EEA4EBBFD}.Release|Any CPU.ActiveCfg = Release|Any CPU
		{DB2BF3CA-B68A-4B3B-A521-170EEA4EBBFD}.Release|Any CPU.Build.0 = Release|Any CPU
		{B2F530A0-B6DC-4204-9BFA-427600C68688}.Debug|Any CPU.ActiveCfg = Debug|Any CPU
		{B2F530A0-B6DC-4204-9BFA-427600C68688}.Debug|Any CPU.Build.0 = Debug|Any CPU
		{B2F530A0-B6DC-4204-9BFA-427600C68688}.Release|Any CPU.ActiveCfg = Release|Any CPU
		{B2F530A0-B6DC-4204-9BFA-427600C68688}.Release|Any CPU.Build.0 = Release|Any CPU
		{6FCACB02-32EB-4E05-818C-2134666B1684}.Debug|Any CPU.ActiveCfg = Debug|Any CPU
		{6FCACB02-32EB-4E05-818C-2134666B1684}.Debug|Any CPU.Build.0 = Debug|Any CPU
		{6FCACB02-32EB-4E05-818C-2134666B1684}.Release|Any CPU.ActiveCfg = Release|Any CPU
		{6FCACB02-32EB-4E05-818C-2134666B1684}.Release|Any CPU.Build.0 = Release|Any CPU
	EndGlobalSection
	GlobalSection(SolutionProperties) = preSolution
		HideSolutionNode = FALSE
	EndGlobalSection
	GlobalSection(ExtensibilityGlobals) = postSolution
		SolutionGuid = {C4FF9427-71F6-47A3-8DA1-485B0E05367E}
	EndGlobalSection
EndGlobal
